// !$*UTF8*$!
{
	archiveVersion = 1;
	classes = {
	};
	objectVersion = 56;
	objects = {

/* Begin PBXBuildFile section */
		6D75CE592C0A9BB90073AF39 /* StartScreenVIew.swift in Sources */ = {isa = PBXBuildFile; fileRef = 6D75CE582C0A9BB90073AF39 /* StartScreenVIew.swift */; };
		6D75CE5B2C0AA2FD0073AF39 /* GameView.swift in Sources */ = {isa = PBXBuildFile; fileRef = 6D75CE5A2C0AA2FD0073AF39 /* GameView.swift */; };
		6D75CE5D2C0AC6D90073AF39 /* PickDeckView.swift in Sources */ = {isa = PBXBuildFile; fileRef = 6D75CE5C2C0AC6D90073AF39 /* PickDeckView.swift */; };
		6D75CE5F2C0ACA610073AF39 /* WaitingRoomView.swift in Sources */ = {isa = PBXBuildFile; fileRef = 6D75CE5E2C0ACA610073AF39 /* WaitingRoomView.swift */; };
		6D75CE612C0ACB5F0073AF39 /* DeckView.swift in Sources */ = {isa = PBXBuildFile; fileRef = 6D75CE602C0ACB5F0073AF39 /* DeckView.swift */; };
		6D75CE632C0ACFCE0073AF39 /* JoinView.swift in Sources */ = {isa = PBXBuildFile; fileRef = 6D75CE622C0ACFCE0073AF39 /* JoinView.swift */; };
		6D76D40C2C09B7FF00096489 /* guesswhoApp.swift in Sources */ = {isa = PBXBuildFile; fileRef = 6D76D40B2C09B7FF00096489 /* guesswhoApp.swift */; };
		6D76D40E2C09B7FF00096489 /* ContentView.swift in Sources */ = {isa = PBXBuildFile; fileRef = 6D76D40D2C09B7FF00096489 /* ContentView.swift */; };
		6D76D4102C09B80000096489 /* Assets.xcassets in Resources */ = {isa = PBXBuildFile; fileRef = 6D76D40F2C09B80000096489 /* Assets.xcassets */; };
		6D76D4132C09B80000096489 /* Preview Assets.xcassets in Resources */ = {isa = PBXBuildFile; fileRef = 6D76D4122C09B80000096489 /* Preview Assets.xcassets */; };
		6D76D41A2C09B8D600096489 /* GridView.swift in Sources */ = {isa = PBXBuildFile; fileRef = 6D76D4192C09B8D600096489 /* GridView.swift */; };
		6D76D41C2C09B9A100096489 /* CardView.swift in Sources */ = {isa = PBXBuildFile; fileRef = 6D76D41B2C09B9A100096489 /* CardView.swift */; };
		6D76D41E2C09C08600096489 /* FlippedCardView.swift in Sources */ = {isa = PBXBuildFile; fileRef = 6D76D41D2C09C08600096489 /* FlippedCardView.swift */; };
		6D76D4202C09C91D00096489 /* CardStruct.swift in Sources */ = {isa = PBXBuildFile; fileRef = 6D76D41F2C09C91D00096489 /* CardStruct.swift */; };
/* End PBXBuildFile section */

/* Begin PBXFileReference section */
		6D75CE582C0A9BB90073AF39 /* StartScreenVIew.swift */ = {isa = PBXFileReference; lastKnownFileType = sourcecode.swift; path = StartScreenVIew.swift; sourceTree = "<group>"; };
		6D75CE5A2C0AA2FD0073AF39 /* GameView.swift */ = {isa = PBXFileReference; lastKnownFileType = sourcecode.swift; path = GameView.swift; sourceTree = "<group>"; };
		6D75CE5C2C0AC6D90073AF39 /* PickDeckView.swift */ = {isa = PBXFileReference; lastKnownFileType = sourcecode.swift; path = PickDeckView.swift; sourceTree = "<group>"; };
		6D75CE5E2C0ACA610073AF39 /* WaitingRoomView.swift */ = {isa = PBXFileReference; lastKnownFileType = sourcecode.swift; path = WaitingRoomView.swift; sourceTree = "<group>"; };
		6D75CE602C0ACB5F0073AF39 /* DeckView.swift */ = {isa = PBXFileReference; lastKnownFileType = sourcecode.swift; path = DeckView.swift; sourceTree = "<group>"; };
		6D75CE622C0ACFCE0073AF39 /* JoinView.swift */ = {isa = PBXFileReference; lastKnownFileType = sourcecode.swift; path = JoinView.swift; sourceTree = "<group>"; };
		6D76D4082C09B7FF00096489 /* guesswho.app */ = {isa = PBXFileReference; explicitFileType = wrapper.application; includeInIndex = 0; path = guesswho.app; sourceTree = BUILT_PRODUCTS_DIR; };
		6D76D40B2C09B7FF00096489 /* guesswhoApp.swift */ = {isa = PBXFileReference; lastKnownFileType = sourcecode.swift; path = guesswhoApp.swift; sourceTree = "<group>"; };
		6D76D40D2C09B7FF00096489 /* ContentView.swift */ = {isa = PBXFileReference; lastKnownFileType = sourcecode.swift; path = ContentView.swift; sourceTree = "<group>"; };
		6D76D40F2C09B80000096489 /* Assets.xcassets */ = {isa = PBXFileReference; lastKnownFileType = folder.assetcatalog; path = Assets.xcassets; sourceTree = "<group>"; };
		6D76D4122C09B80000096489 /* Preview Assets.xcassets */ = {isa = PBXFileReference; lastKnownFileType = folder.assetcatalog; path = "Preview Assets.xcassets"; sourceTree = "<group>"; };
		6D76D4192C09B8D600096489 /* GridView.swift */ = {isa = PBXFileReference; lastKnownFileType = sourcecode.swift; path = GridView.swift; sourceTree = "<group>"; };
		6D76D41B2C09B9A100096489 /* CardView.swift */ = {isa = PBXFileReference; lastKnownFileType = sourcecode.swift; path = CardView.swift; sourceTree = "<group>"; };
		6D76D41D2C09C08600096489 /* FlippedCardView.swift */ = {isa = PBXFileReference; lastKnownFileType = sourcecode.swift; path = FlippedCardView.swift; sourceTree = "<group>"; };
		6D76D41F2C09C91D00096489 /* CardStruct.swift */ = {isa = PBXFileReference; lastKnownFileType = sourcecode.swift; path = CardStruct.swift; sourceTree = "<group>"; };
/* End PBXFileReference section */

/* Begin PBXFrameworksBuildPhase section */
		6D76D4052C09B7FF00096489 /* Frameworks */ = {
			isa = PBXFrameworksBuildPhase;
			buildActionMask = 2147483647;
			files = (
			);
			runOnlyForDeploymentPostprocessing = 0;
		};
/* End PBXFrameworksBuildPhase section */

/* Begin PBXGroup section */
		6D76D3FF2C09B7FF00096489 = {
			isa = PBXGroup;
			children = (
				6D76D40A2C09B7FF00096489 /* guesswho */,
				6D76D4092C09B7FF00096489 /* Products */,
			);
			sourceTree = "<group>";
		};
		6D76D4092C09B7FF00096489 /* Products */ = {
			isa = PBXGroup;
			children = (
				6D76D4082C09B7FF00096489 /* guesswho.app */,
			);
			name = Products;
			sourceTree = "<group>";
		};
		6D76D40A2C09B7FF00096489 /* guesswho */ = {
			isa = PBXGroup;
			children = (
				6D76D41D2C09C08600096489 /* FlippedCardView.swift */,
				6D76D40B2C09B7FF00096489 /* guesswhoApp.swift */,
				6D76D40D2C09B7FF00096489 /* ContentView.swift */,
				6D75CE5A2C0AA2FD0073AF39 /* GameView.swift */,
				6D75CE5C2C0AC6D90073AF39 /* PickDeckView.swift */,
				6D75CE622C0ACFCE0073AF39 /* JoinView.swift */,
				6D75CE5E2C0ACA610073AF39 /* WaitingRoomView.swift */,
				6D75CE582C0A9BB90073AF39 /* StartScreenVIew.swift */,
				6D75CE602C0ACB5F0073AF39 /* DeckView.swift */,
				6D76D4192C09B8D600096489 /* GridView.swift */,
				6D76D41B2C09B9A100096489 /* CardView.swift */,
				6D76D41F2C09C91D00096489 /* CardStruct.swift */,
				6D76D40F2C09B80000096489 /* Assets.xcassets */,
				6D76D4112C09B80000096489 /* Preview Content */,
			);
			path = guesswho;
			sourceTree = "<group>";
		};
		6D76D4112C09B80000096489 /* Preview Content */ = {
			isa = PBXGroup;
			children = (
				6D76D4122C09B80000096489 /* Preview Assets.xcassets */,
			);
			path = "Preview Content";
			sourceTree = "<group>";
		};
/* End PBXGroup section */

/* Begin PBXNativeTarget section */
		6D76D4072C09B7FF00096489 /* guesswho */ = {
			isa = PBXNativeTarget;
			buildConfigurationList = 6D76D4162C09B80000096489 /* Build configuration list for PBXNativeTarget "guesswho" */;
			buildPhases = (
				6D76D4042C09B7FF00096489 /* Sources */,
				6D76D4052C09B7FF00096489 /* Frameworks */,
				6D76D4062C09B7FF00096489 /* Resources */,
			);
			buildRules = (
			);
			dependencies = (
			);
			name = guesswho;
			productName = guesswho;
			productReference = 6D76D4082C09B7FF00096489 /* guesswho.app */;
			productType = "com.apple.product-type.application";
		};
/* End PBXNativeTarget section */

/* Begin PBXProject section */
		6D76D4002C09B7FF00096489 /* Project object */ = {
			isa = PBXProject;
			attributes = {
				BuildIndependentTargetsInParallel = 1;
				LastSwiftUpdateCheck = 1500;
				LastUpgradeCheck = 1500;
				TargetAttributes = {
					6D76D4072C09B7FF00096489 = {
						CreatedOnToolsVersion = 15.0.1;
					};
				};
			};
			buildConfigurationList = 6D76D4032C09B7FF00096489 /* Build configuration list for PBXProject "guesswho" */;
			compatibilityVersion = "Xcode 14.0";
			developmentRegion = en;
			hasScannedForEncodings = 0;
			knownRegions = (
				en,
				Base,
			);
			mainGroup = 6D76D3FF2C09B7FF00096489;
			productRefGroup = 6D76D4092C09B7FF00096489 /* Products */;
			projectDirPath = "";
			projectRoot = "";
			targets = (
				6D76D4072C09B7FF00096489 /* guesswho */,
			);
		};
/* End PBXProject section */

/* Begin PBXResourcesBuildPhase section */
		6D76D4062C09B7FF00096489 /* Resources */ = {
			isa = PBXResourcesBuildPhase;
			buildActionMask = 2147483647;
			files = (
				6D76D4132C09B80000096489 /* Preview Assets.xcassets in Resources */,
				6D76D4102C09B80000096489 /* Assets.xcassets in Resources */,
			);
			runOnlyForDeploymentPostprocessing = 0;
		};
/* End PBXResourcesBuildPhase section */

/* Begin PBXSourcesBuildPhase section */
		6D76D4042C09B7FF00096489 /* Sources */ = {
			isa = PBXSourcesBuildPhase;
			buildActionMask = 2147483647;
			files = (
				6D75CE5D2C0AC6D90073AF39 /* PickDeckView.swift in Sources */,
				6D76D40E2C09B7FF00096489 /* ContentView.swift in Sources */,
				6D76D41A2C09B8D600096489 /* GridView.swift in Sources */,
				6D76D41E2C09C08600096489 /* FlippedCardView.swift in Sources */,
				6D75CE632C0ACFCE0073AF39 /* JoinView.swift in Sources */,
				6D75CE592C0A9BB90073AF39 /* StartScreenVIew.swift in Sources */,
				6D75CE5F2C0ACA610073AF39 /* WaitingRoomView.swift in Sources */,
				6D76D41C2C09B9A100096489 /* CardView.swift in Sources */,
				6D76D4202C09C91D00096489 /* CardStruct.swift in Sources */,
				6D75CE5B2C0AA2FD0073AF39 /* GameView.swift in Sources */,
				6D76D40C2C09B7FF00096489 /* guesswhoApp.swift in Sources */,
				6D75CE612C0ACB5F0073AF39 /* DeckView.swift in Sources */,
			);
			runOnlyForDeploymentPostprocessing = 0;
		};
/* End PBXSourcesBuildPhase section */

/* Begin XCBuildConfiguration section */
		6D76D4142C09B80000096489 /* Debug */ = {
			isa = XCBuildConfiguration;
			buildSettings = {
				ALWAYS_SEARCH_USER_PATHS = NO;
				ASSETCATALOG_COMPILER_GENERATE_SWIFT_ASSET_SYMBOL_EXTENSIONS = YES;
				CLANG_ANALYZER_NONNULL = YES;
				CLANG_ANALYZER_NUMBER_OBJECT_CONVERSION = YES_AGGRESSIVE;
				CLANG_CXX_LANGUAGE_STANDARD = "gnu++20";
				CLANG_ENABLE_MODULES = YES;
				CLANG_ENABLE_OBJC_ARC = YES;
				CLANG_ENABLE_OBJC_WEAK = YES;
				CLANG_WARN_BLOCK_CAPTURE_AUTORELEASING = YES;
				CLANG_WARN_BOOL_CONVERSION = YES;
				CLANG_WARN_COMMA = YES;
				CLANG_WARN_CONSTANT_CONVERSION = YES;
				CLANG_WARN_DEPRECATED_OBJC_IMPLEMENTATIONS = YES;
				CLANG_WARN_DIRECT_OBJC_ISA_USAGE = YES_ERROR;
				CLANG_WARN_DOCUMENTATION_COMMENTS = YES;
				CLANG_WARN_EMPTY_BODY = YES;
				CLANG_WARN_ENUM_CONVERSION = YES;
				CLANG_WARN_INFINITE_RECURSION = YES;
				CLANG_WARN_INT_CONVERSION = YES;
				CLANG_WARN_NON_LITERAL_NULL_CONVERSION = YES;
				CLANG_WARN_OBJC_IMPLICIT_RETAIN_SELF = YES;
				CLANG_WARN_OBJC_LITERAL_CONVERSION = YES;
				CLANG_WARN_OBJC_ROOT_CLASS = YES_ERROR;
				CLANG_WARN_QUOTED_INCLUDE_IN_FRAMEWORK_HEADER = YES;
				CLANG_WARN_RANGE_LOOP_ANALYSIS = YES;
				CLANG_WARN_STRICT_PROTOTYPES = YES;
				CLANG_WARN_SUSPICIOUS_MOVE = YES;
				CLANG_WARN_UNGUARDED_AVAILABILITY = YES_AGGRESSIVE;
				CLANG_WARN_UNREACHABLE_CODE = YES;
				CLANG_WARN__DUPLICATE_METHOD_MATCH = YES;
				COPY_PHASE_STRIP = NO;
				DEBUG_INFORMATION_FORMAT = dwarf;
				ENABLE_STRICT_OBJC_MSGSEND = YES;
				ENABLE_TESTABILITY = YES;
				ENABLE_USER_SCRIPT_SANDBOXING = YES;
				GCC_C_LANGUAGE_STANDARD = gnu17;
				GCC_DYNAMIC_NO_PIC = NO;
				GCC_NO_COMMON_BLOCKS = YES;
				GCC_OPTIMIZATION_LEVEL = 0;
				GCC_PREPROCESSOR_DEFINITIONS = (
					"DEBUG=1",
					"$(inherited)",
				);
				GCC_WARN_64_TO_32_BIT_CONVERSION = YES;
				GCC_WARN_ABOUT_RETURN_TYPE = YES_ERROR;
				GCC_WARN_UNDECLARED_SELECTOR = YES;
				GCC_WARN_UNINITIALIZED_AUTOS = YES_AGGRESSIVE;
				GCC_WARN_UNUSED_FUNCTION = YES;
				GCC_WARN_UNUSED_VARIABLE = YES;
				IPHONEOS_DEPLOYMENT_TARGET = 17.0;
				LOCALIZATION_PREFERS_STRING_CATALOGS = YES;
				MTL_ENABLE_DEBUG_INFO = INCLUDE_SOURCE;
				MTL_FAST_MATH = YES;
				ONLY_ACTIVE_ARCH = YES;
				SDKROOT = iphoneos;
				SWIFT_ACTIVE_COMPILATION_CONDITIONS = "DEBUG $(inherited)";
				SWIFT_OPTIMIZATION_LEVEL = "-Onone";
			};
			name = Debug;
		};
		6D76D4152C09B80000096489 /* Release */ = {
			isa = XCBuildConfiguration;
			buildSettings = {
				ALWAYS_SEARCH_USER_PATHS = NO;
				ASSETCATALOG_COMPILER_GENERATE_SWIFT_ASSET_SYMBOL_EXTENSIONS = YES;
				CLANG_ANALYZER_NONNULL = YES;
				CLANG_ANALYZER_NUMBER_OBJECT_CONVERSION = YES_AGGRESSIVE;
				CLANG_CXX_LANGUAGE_STANDARD = "gnu++20";
				CLANG_ENABLE_MODULES = YES;
				CLANG_ENABLE_OBJC_ARC = YES;
				CLANG_ENABLE_OBJC_WEAK = YES;
				CLANG_WARN_BLOCK_CAPTURE_AUTORELEASING = YES;
				CLANG_WARN_BOOL_CONVERSION = YES;
				CLANG_WARN_COMMA = YES;
				CLANG_WARN_CONSTANT_CONVERSION = YES;
				CLANG_WARN_DEPRECATED_OBJC_IMPLEMENTATIONS = YES;
				CLANG_WARN_DIRECT_OBJC_ISA_USAGE = YES_ERROR;
				CLANG_WARN_DOCUMENTATION_COMMENTS = YES;
				CLANG_WARN_EMPTY_BODY = YES;
				CLANG_WARN_ENUM_CONVERSION = YES;
				CLANG_WARN_INFINITE_RECURSION = YES;
				CLANG_WARN_INT_CONVERSION = YES;
				CLANG_WARN_NON_LITERAL_NULL_CONVERSION = YES;
				CLANG_WARN_OBJC_IMPLICIT_RETAIN_SELF = YES;
				CLANG_WARN_OBJC_LITERAL_CONVERSION = YES;
				CLANG_WARN_OBJC_ROOT_CLASS = YES_ERROR;
				CLANG_WARN_QUOTED_INCLUDE_IN_FRAMEWORK_HEADER = YES;
				CLANG_WARN_RANGE_LOOP_ANALYSIS = YES;
				CLANG_WARN_STRICT_PROTOTYPES = YES;
				CLANG_WARN_SUSPICIOUS_MOVE = YES;
				CLANG_WARN_UNGUARDED_AVAILABILITY = YES_AGGRESSIVE;
				CLANG_WARN_UNREACHABLE_CODE = YES;
				CLANG_WARN__DUPLICATE_METHOD_MATCH = YES;
				COPY_PHASE_STRIP = NO;
				DEBUG_INFORMATION_FORMAT = "dwarf-with-dsym";
				ENABLE_NS_ASSERTIONS = NO;
				ENABLE_STRICT_OBJC_MSGSEND = YES;
				ENABLE_USER_SCRIPT_SANDBOXING = YES;
				GCC_C_LANGUAGE_STANDARD = gnu17;
				GCC_NO_COMMON_BLOCKS = YES;
				GCC_WARN_64_TO_32_BIT_CONVERSION = YES;
				GCC_WARN_ABOUT_RETURN_TYPE = YES_ERROR;
				GCC_WARN_UNDECLARED_SELECTOR = YES;
				GCC_WARN_UNINITIALIZED_AUTOS = YES_AGGRESSIVE;
				GCC_WARN_UNUSED_FUNCTION = YES;
				GCC_WARN_UNUSED_VARIABLE = YES;
				IPHONEOS_DEPLOYMENT_TARGET = 17.0;
				LOCALIZATION_PREFERS_STRING_CATALOGS = YES;
				MTL_ENABLE_DEBUG_INFO = NO;
				MTL_FAST_MATH = YES;
				SDKROOT = iphoneos;
				SWIFT_COMPILATION_MODE = wholemodule;
				VALIDATE_PRODUCT = YES;
			};
			name = Release;
		};
		6D76D4172C09B80000096489 /* Debug */ = {
			isa = XCBuildConfiguration;
			buildSettings = {
				ASSETCATALOG_COMPILER_APPICON_NAME = AppIcon;
				ASSETCATALOG_COMPILER_GLOBAL_ACCENT_COLOR_NAME = AccentColor;
				CODE_SIGN_STYLE = Automatic;
				CURRENT_PROJECT_VERSION = 1;
				DEVELOPMENT_ASSET_PATHS = "\"guesswho/Preview Content\"";
				DEVELOPMENT_TEAM = 92J57K7BR6;
				ENABLE_PREVIEWS = YES;
				GENERATE_INFOPLIST_FILE = YES;
				INFOPLIST_KEY_UIApplicationSceneManifest_Generation = YES;
				INFOPLIST_KEY_UIApplicationSupportsIndirectInputEvents = YES;
				INFOPLIST_KEY_UILaunchScreen_Generation = YES;
				INFOPLIST_KEY_UISupportedInterfaceOrientations_iPad = "UIInterfaceOrientationPortrait UIInterfaceOrientationPortraitUpsideDown UIInterfaceOrientationLandscapeLeft UIInterfaceOrientationLandscapeRight";
				INFOPLIST_KEY_UISupportedInterfaceOrientations_iPhone = "UIInterfaceOrientationPortrait UIInterfaceOrientationLandscapeLeft UIInterfaceOrientationLandscapeRight";
				LD_RUNPATH_SEARCH_PATHS = (
					"$(inherited)",
					"@executable_path/Frameworks",
				);
				MARKETING_VERSION = 1.0;
				PRODUCT_BUNDLE_IDENTIFIER = somebool.guesswho;
				PRODUCT_NAME = "$(TARGET_NAME)";
				SWIFT_EMIT_LOC_STRINGS = YES;
				SWIFT_VERSION = 5.0;
				TARGETED_DEVICE_FAMILY = "1,2";
			};
			name = Debug;
		};
		6D76D4182C09B80000096489 /* Release */ = {
			isa = XCBuildConfiguration;
			buildSettings = {
				ASSETCATALOG_COMPILER_APPICON_NAME = AppIcon;
				ASSETCATALOG_COMPILER_GLOBAL_ACCENT_COLOR_NAME = AccentColor;
				CODE_SIGN_STYLE = Automatic;
				CURRENT_PROJECT_VERSION = 1;
				DEVELOPMENT_ASSET_PATHS = "\"guesswho/Preview Content\"";
				DEVELOPMENT_TEAM = 92J57K7BR6;
				ENABLE_PREVIEWS = YES;
				GENERATE_INFOPLIST_FILE = YES;
				INFOPLIST_KEY_UIApplicationSceneManifest_Generation = YES;
				INFOPLIST_KEY_UIApplicationSupportsIndirectInputEvents = YES;
				INFOPLIST_KEY_UILaunchScreen_Generation = YES;
				INFOPLIST_KEY_UISupportedInterfaceOrientations_iPad = "UIInterfaceOrientationPortrait UIInterfaceOrientationPortraitUpsideDown UIInterfaceOrientationLandscapeLeft UIInterfaceOrientationLandscapeRight";
				INFOPLIST_KEY_UISupportedInterfaceOrientations_iPhone = "UIInterfaceOrientationPortrait UIInterfaceOrientationLandscapeLeft UIInterfaceOrientationLandscapeRight";
				LD_RUNPATH_SEARCH_PATHS = (
					"$(inherited)",
					"@executable_path/Frameworks",
				);
				MARKETING_VERSION = 1.0;
				PRODUCT_BUNDLE_IDENTIFIER = somebool.guesswho;
				PRODUCT_NAME = "$(TARGET_NAME)";
				SWIFT_EMIT_LOC_STRINGS = YES;
				SWIFT_VERSION = 5.0;
				TARGETED_DEVICE_FAMILY = "1,2";
			};
			name = Release;
		};
/* End XCBuildConfiguration section */

/* Begin XCConfigurationList section */
		6D76D4032C09B7FF00096489 /* Build configuration list for PBXProject "guesswho" */ = {
			isa = XCConfigurationList;
			buildConfigurations = (
				6D76D4142C09B80000096489 /* Debug */,
				6D76D4152C09B80000096489 /* Release */,
			);
			defaultConfigurationIsVisible = 0;
			defaultConfigurationName = Release;
		};
		6D76D4162C09B80000096489 /* Build configuration list for PBXNativeTarget "guesswho" */ = {
			isa = XCConfigurationList;
			buildConfigurations = (
				6D76D4172C09B80000096489 /* Debug */,
				6D76D4182C09B80000096489 /* Release */,
			);
			defaultConfigurationIsVisible = 0;
			defaultConfigurationName = Release;
		};
/* End XCConfigurationList section */
	};
	rootObject = 6D76D4002C09B7FF00096489 /* Project object */;
}
